
Microsoft Visual Studio Solution File, Format Version 12.00
# Visual Studio Version 16
VisualStudioVersion = 16.0.31605.320
MinimumVisualStudioVersion = 10.0.40219.1
Project("{E24C65DC-7377-472B-9ABA-BC803B73C61A}") = "WomenFashionStore", "WomenFashionStore\", "{3B42223C-F625-4430-9AAE-63825722E62C}"
	ProjectSection(WebsiteProperties) = preProject
		TargetFrameworkMoniker = ".NETFramework,Version%3Dv4.7.2"
		Debug.AspNetCompiler.VirtualPath = "/localhost_50930"
		Debug.AspNetCompiler.PhysicalPath = "WomenFashionStore\"
		Debug.AspNetCompiler.TargetPath = "PrecompiledWeb\localhost_50930\"
		Debug.AspNetCompiler.Updateable = "true"
		Debug.AspNetCompiler.ForceOverwrite = "true"
		Debug.AspNetCompiler.FixedNames = "false"
		Debug.AspNetCompiler.Debug = "True"
		Release.AspNetCompiler.VirtualPath = "/localhost_50930"
		Release.AspNetCompiler.PhysicalPath = "WomenFashionStore\"
		Release.AspNetCompiler.TargetPath = "PrecompiledWeb\localhost_50930\"
		Release.AspNetCompiler.Updateable = "true"
		Release.AspNetCompiler.ForceOverwrite = "true"
		Release.AspNetCompiler.FixedNames = "false"
		Release.AspNetCompiler.Debug = "False"
		VWDPort = "50930"
		SlnRelativePath = "WomenFashionStore\"
		DefaultWebSiteLanguage = "Visual C#"
	EndProjectSection
EndProject
Global
	GlobalSection(SolutionConfigurationPlatforms) = preSolution
		Debug|Any CPU = Debug|Any CPU
	EndGlobalSection
	GlobalSection(ProjectConfigurationPlatforms) = postSolution
		{3B42223C-F625-4430-9AAE-63825722E62C}.Debug|Any CPU.ActiveCfg = Debug|Any CPU
		{3B42223C-F625-4430-9AAE-63825722E62C}.Debug|Any CPU.Build.0 = Debug|Any CPU
	EndGlobalSection
	GlobalSection(SolutionProperties) = preSolution
		HideSolutionNode = FALSE
	EndGlobalSection
	GlobalSection(ExtensibilityGlobals) = postSolution
		SolutionGuid = {88D173C4-155A-40E7-BAD3-134B2BF6B6EA}
	EndGlobalSection
EndGlobal
